{
    "_meta": {
        "hash": {
            "sha256": "a8be09f7177a0afd903c9448824f5d80fe6bf030a6c1e80d9f54878ae3dbae70"
        },
        "pipfile-spec": 6,
        "requires": {
            "python_version": "3.12"
        },
        "sources": [
            {
                "name": "pypi",
                "url": "https://pypi.org/simple",
                "verify_ssl": true
            }
        ]
    },
    "default": {},
    "develop": {}
}
